
Microsoft Visual Studio Solution File, Format Version 12.00
# Visual Studio Version 16
VisualStudioVersion = 16.0.29519.181
MinimumVisualStudioVersion = 10.0.40219.1
Project("{FAE04EC0-301F-11D3-BF4B-00C04F79EFBC}") = "ClientsApi", "WebApplication1\ClientsApi.csproj", "{CA3121FF-3316-4337-9791-8A76893C64D3}"
EndProject
Project("{FAE04EC0-301F-11D3-BF4B-00C04F79EFBC}") = "Module", "Module\Module.csproj", "{801B19AC-E10F-4621-BE8F-D15E26F8FDA4}"
EndProject
Global
	GlobalSection(SolutionConfigurationPlatforms) = preSolution
		Debug|Any CPU = Debug|Any CPU
		Release|Any CPU = Release|Any CPU
	EndGlobalSection
	GlobalSection(ProjectConfigurationPlatforms) = postSolution
		{CA3121FF-3316-4337-9791-8A76893C64D3}.Debug|Any CPU.ActiveCfg = Debug|Any CPU
		{CA3121FF-3316-4337-9791-8A76893C64D3}.Debug|Any CPU.Build.0 = Debug|Any CPU
		{CA3121FF-3316-4337-9791-8A76893C64D3}.Release|Any CPU.ActiveCfg = Release|Any CPU
		{CA3121FF-3316-4337-9791-8A76893C64D3}.Release|Any CPU.Build.0 = Release|Any CPU
		{801B19AC-E10F-4621-BE8F-D15E26F8FDA4}.Debug|Any CPU.ActiveCfg = Debug|Any CPU
		{801B19AC-E10F-4621-BE8F-D15E26F8FDA4}.Debug|Any CPU.Build.0 = Debug|Any CPU
		{801B19AC-E10F-4621-BE8F-D15E26F8FDA4}.Release|Any CPU.ActiveCfg = Release|Any CPU
		{801B19AC-E10F-4621-BE8F-D15E26F8FDA4}.Release|Any CPU.Build.0 = Release|Any CPU
	EndGlobalSection
	GlobalSection(SolutionProperties) = preSolution
		HideSolutionNode = FALSE
	EndGlobalSection
	GlobalSection(ExtensibilityGlobals) = postSolution
		SolutionGuid = {3EF455AB-DD1F-4549-AD21-988BB6AB1DCE}
	EndGlobalSection
EndGlobal
